
Microsoft Visual Studio Solution File, Format Version 12.00
# Visual Studio Version 16
VisualStudioVersion = 16.0.30621.155
MinimumVisualStudioVersion = 10.0.40219.1
Project("{FAE04EC0-301F-11D3-BF4B-00C04F79EFBC}") = "BankruptTest", "BankruptTest\BankruptTest.csproj", "{9E12AEC9-1561-4744-B1B1-505CF94F938D}"
EndProject
Global
	GlobalSection(SolutionConfigurationPlatforms) = preSolution
		Debug|Any CPU = Debug|Any CPU
		Release|Any CPU = Release|Any CPU
	EndGlobalSection
	GlobalSection(ProjectConfigurationPlatforms) = postSolution
		{9E12AEC9-1561-4744-B1B1-505CF94F938D}.Debug|Any CPU.ActiveCfg = Debug|Any CPU
		{9E12AEC9-1561-4744-B1B1-505CF94F938D}.Debug|Any CPU.Build.0 = Debug|Any CPU
		{9E12AEC9-1561-4744-B1B1-505CF94F938D}.Release|Any CPU.ActiveCfg = Release|Any CPU
		{9E12AEC9-1561-4744-B1B1-505CF94F938D}.Release|Any CPU.Build.0 = Release|Any CPU
	EndGlobalSection
	GlobalSection(SolutionProperties) = preSolution
		HideSolutionNode = FALSE
	EndGlobalSection
	GlobalSection(ExtensibilityGlobals) = postSolution
		SolutionGuid = {6BA8E8D9-C742-43E9-93D9-BA150E8FE453}
	EndGlobalSection
EndGlobal
